
Microsoft Visual Studio Solution File, Format Version 12.00
# Visual Studio Version 17
VisualStudioVersion = 17.8.34316.72
MinimumVisualStudioVersion = 10.0.40219.1
Project("{FAE04EC0-301F-11D3-BF4B-00C04F79EFBC}") = "Kacıs.Desktop", "Kacıs.Desktop\Kacıs.Desktop.csproj", "{F9BA3B14-C57D-445D-AED1-78BC7BBE5EA5}"
EndProject
Project("{FAE04EC0-301F-11D3-BF4B-00C04F79EFBC}") = "Kacıs.Library", "Kacıs.Library\Kacıs.Library.csproj", "{A234F2A3-290E-4FF0-ADBF-54A69F7D474F}"
EndProject
Global
	GlobalSection(SolutionConfigurationPlatforms) = preSolution
		Debug|Any CPU = Debug|Any CPU
		Release|Any CPU = Release|Any CPU
	EndGlobalSection
	GlobalSection(ProjectConfigurationPlatforms) = postSolution
		{F9BA3B14-C57D-445D-AED1-78BC7BBE5EA5}.Debug|Any CPU.ActiveCfg = Debug|Any CPU
		{F9BA3B14-C57D-445D-AED1-78BC7BBE5EA5}.Debug|Any CPU.Build.0 = Debug|Any CPU
		{F9BA3B14-C57D-445D-AED1-78BC7BBE5EA5}.Release|Any CPU.ActiveCfg = Release|Any CPU
		{F9BA3B14-C57D-445D-AED1-78BC7BBE5EA5}.Release|Any CPU.Build.0 = Release|Any CPU
		{A234F2A3-290E-4FF0-ADBF-54A69F7D474F}.Debug|Any CPU.ActiveCfg = Debug|Any CPU
		{A234F2A3-290E-4FF0-ADBF-54A69F7D474F}.Debug|Any CPU.Build.0 = Debug|Any CPU
		{A234F2A3-290E-4FF0-ADBF-54A69F7D474F}.Release|Any CPU.ActiveCfg = Release|Any CPU
		{A234F2A3-290E-4FF0-ADBF-54A69F7D474F}.Release|Any CPU.Build.0 = Release|Any CPU
	EndGlobalSection
	GlobalSection(SolutionProperties) = preSolution
		HideSolutionNode = FALSE
	EndGlobalSection
	GlobalSection(ExtensibilityGlobals) = postSolution
		SolutionGuid = {A5CDDF18-1E75-467C-AEDE-D56D0BB6D798}
	EndGlobalSection
EndGlobal
